
Microsoft Visual Studio Solution File, Format Version 12.00
# Visual Studio Version 17
VisualStudioVersion = 17.3.32922.545
MinimumVisualStudioVersion = 10.0.40219.1
Project("{FAE04EC0-301F-11D3-BF4B-00C04F79EFBC}") = "AoC2022.App", "AoC2022.App\AoC2022.App.csproj", "{70FF03A7-1754-4C44-B68E-5399B26DF4E7}"
EndProject
Global
	GlobalSection(SolutionConfigurationPlatforms) = preSolution
		Debug|Any CPU = Debug|Any CPU
		Release|Any CPU = Release|Any CPU
	EndGlobalSection
	GlobalSection(ProjectConfigurationPlatforms) = postSolution
		{70FF03A7-1754-4C44-B68E-5399B26DF4E7}.Debug|Any CPU.ActiveCfg = Debug|Any CPU
		{70FF03A7-1754-4C44-B68E-5399B26DF4E7}.Debug|Any CPU.Build.0 = Debug|Any CPU
		{70FF03A7-1754-4C44-B68E-5399B26DF4E7}.Release|Any CPU.ActiveCfg = Release|Any CPU
		{70FF03A7-1754-4C44-B68E-5399B26DF4E7}.Release|Any CPU.Build.0 = Release|Any CPU
	EndGlobalSection
	GlobalSection(SolutionProperties) = preSolution
		HideSolutionNode = FALSE
	EndGlobalSection
	GlobalSection(ExtensibilityGlobals) = postSolution
		SolutionGuid = {111264EE-0D62-4F72-9EFF-C82664A59233}
	EndGlobalSection
EndGlobal
